
Microsoft Visual Studio Solution File, Format Version 12.00
# Visual Studio 2017
Project("{FAE04EC0-301F-11D3-BF4B-00C04F79EFBC}") = "Top Down Shooter.Plugins", "Top Down Shooter.Plugins.csproj", "{E57B26F6-D6C8-D24C-187C-58F02406A3F8}"
EndProject
Project("{FAE04EC0-301F-11D3-BF4B-00C04F79EFBC}") = "Top Down Shooter", "Top Down Shooter.csproj", "{E7E4161D-5311-5008-D29E-C1D8A13395FC}"
EndProject
Project("{FAE04EC0-301F-11D3-BF4B-00C04F79EFBC}") = "Top Down Shooter.Editor.Plugins", "Top Down Shooter.Editor.Plugins.csproj", "{40913695-53B2-3CF1-2E8D-47093C019620}"
EndProject
Project("{FAE04EC0-301F-11D3-BF4B-00C04F79EFBC}") = "Top Down Shooter.Editor", "Top Down Shooter.Editor.csproj", "{168D8211-7AC1-E301-A21D-1D276755BE79}"
EndProject
Global
	GlobalSection(SolutionConfigurationPlatforms) = preSolution
		Debug|Any CPU = Debug|Any CPU
		Release|Any CPU = Release|Any CPU
	EndGlobalSection
	GlobalSection(ProjectConfigurationPlatforms) = postSolution
		{E57B26F6-D6C8-D24C-187C-58F02406A3F8}.Debug|Any CPU.ActiveCfg = Debug|Any CPU
		{E57B26F6-D6C8-D24C-187C-58F02406A3F8}.Debug|Any CPU.Build.0 = Debug|Any CPU
		{E57B26F6-D6C8-D24C-187C-58F02406A3F8}.Release|Any CPU.ActiveCfg = Release|Any CPU
		{E57B26F6-D6C8-D24C-187C-58F02406A3F8}.Release|Any CPU.Build.0 = Release|Any CPU
		{E7E4161D-5311-5008-D29E-C1D8A13395FC}.Debug|Any CPU.ActiveCfg = Debug|Any CPU
		{E7E4161D-5311-5008-D29E-C1D8A13395FC}.Debug|Any CPU.Build.0 = Debug|Any CPU
		{E7E4161D-5311-5008-D29E-C1D8A13395FC}.Release|Any CPU.ActiveCfg = Release|Any CPU
		{E7E4161D-5311-5008-D29E-C1D8A13395FC}.Release|Any CPU.Build.0 = Release|Any CPU
		{40913695-53B2-3CF1-2E8D-47093C019620}.Debug|Any CPU.ActiveCfg = Debug|Any CPU
		{40913695-53B2-3CF1-2E8D-47093C019620}.Debug|Any CPU.Build.0 = Debug|Any CPU
		{40913695-53B2-3CF1-2E8D-47093C019620}.Release|Any CPU.ActiveCfg = Release|Any CPU
		{40913695-53B2-3CF1-2E8D-47093C019620}.Release|Any CPU.Build.0 = Release|Any CPU
		{168D8211-7AC1-E301-A21D-1D276755BE79}.Debug|Any CPU.ActiveCfg = Debug|Any CPU
		{168D8211-7AC1-E301-A21D-1D276755BE79}.Debug|Any CPU.Build.0 = Debug|Any CPU
		{168D8211-7AC1-E301-A21D-1D276755BE79}.Release|Any CPU.ActiveCfg = Release|Any CPU
		{168D8211-7AC1-E301-A21D-1D276755BE79}.Release|Any CPU.Build.0 = Release|Any CPU
	EndGlobalSection
	GlobalSection(SolutionProperties) = preSolution
		HideSolutionNode = FALSE
	EndGlobalSection
EndGlobal
